<?xml version="1.0" encoding="utf-8"?>
<Project ToolsVersion="4.0" xmlns="http://schemas.microsoft.com/developer/msbuild/2003">
  <ItemGroup>
    <Filter Include="소스 파일">
      <UniqueIdentifier>{4FC737F1-C7A5-4376-A066-2A32D752A2FF}</UniqueIdentifier>
      <Extensions>cpp;c;cc;cxx;c++;cppm;ixx;def;odl;idl;hpj;bat;asm;asmx</Extensions>
    </Filter>
    <Filter Include="헤더 파일">
      <UniqueIdentifier>{93995380-89BD-4b04-88EB-625FBE52EBFB}</UniqueIdentifier>
      <Extensions>h;hh;hpp;hxx;h++;hm;inl;inc;ipp;xsd</Extensions>
    </Filter>
    <Filter Include="리소스 파일">
      <UniqueIdentifier>{67DA6AB6-F800-4c08-8B7A-83BB121AAD01}</UniqueIdentifier>
      <Extensions>rc;ico;cur;bmp;dlg;rc2;rct;bin;rgs;gif;jpg;jpeg;jpe;resx;tiff;tif;png;wav;mfcribbon-ms</Extensions>
    </Filter>
    <Filter Include="00. MainGame">
      <UniqueIdentifier>{94c41561-5133-49d8-bc9e-7a1638a94ae3}</UniqueIdentifier>
    </Filter>
    <Filter Include="01.Object">
      <UniqueIdentifier>{f08f671b-700a-45c4-9c8b-e33f194833ac}</UniqueIdentifier>
    </Filter>
    <Filter Include="02.Scene">
      <UniqueIdentifier>{fdf04334-0ff6-4f74-90a9-b874c2e06a6f}</UniqueIdentifier>
    </Filter>
    <Filter Include="99.Manager">
      <UniqueIdentifier>{64079c8a-5e96-47e4-a526-67e3834adbb0}</UniqueIdentifier>
    </Filter>
    <Filter Include="99.Manager\01. ObjectMgr">
      <UniqueIdentifier>{7adcb7bc-d054-4b61-87d1-5815a234088d}</UniqueIdentifier>
    </Filter>
    <Filter Include="99.Manager\00. SceneMgr">
      <UniqueIdentifier>{a87b21c2-ad17-4242-9cf6-cf49200157b2}</UniqueIdentifier>
    </Filter>
    <Filter Include="01.Object\00. Player">
      <UniqueIdentifier>{83c3aeca-63fa-4137-a860-7fbeee9819f4}</UniqueIdentifier>
    </Filter>
    <Filter Include="01.Object\01. Monster">
      <UniqueIdentifier>{7316edd7-c4e3-4a8d-84d5-b609c0460b11}</UniqueIdentifier>
    </Filter>
    <Filter Include="99.Manager\02. Collision">
      <UniqueIdentifier>{edaaea22-8f1d-415a-b77c-a67890147f7c}</UniqueIdentifier>
    </Filter>
    <Filter Include="99.Manager\03. Key">
      <UniqueIdentifier>{e07827c1-1143-452a-934c-db57fd8a6259}</UniqueIdentifier>
    </Filter>
    <Filter Include="99.Manager\04. Bmp">
      <UniqueIdentifier>{15f27c63-9374-4305-b7a6-8c09767dc5b2}</UniqueIdentifier>
    </Filter>
    <Filter Include="99.Manager\04. Bmp\00. MyBmp">
      <UniqueIdentifier>{80981e02-c867-49d1-a0f9-f238119b3175}</UniqueIdentifier>
    </Filter>
    <Filter Include="99.Manager\05. Scroll">
      <UniqueIdentifier>{58576875-96d1-4844-8465-5a3c7df78b30}</UniqueIdentifier>
    </Filter>
    <Filter Include="98. Degisn">
      <UniqueIdentifier>{b204644f-34c7-49e0-8c42-abbb1775d60b}</UniqueIdentifier>
    </Filter>
    <Filter Include="01.Object\02. Bullet">
      <UniqueIdentifier>{1bbd273b-4c3b-4ebc-8a2e-3e277521bca6}</UniqueIdentifier>
    </Filter>
    <Filter Include="99.Manager\06. Time">
      <UniqueIdentifier>{538539ab-6104-46c0-b934-3797327fd4ce}</UniqueIdentifier>
    </Filter>
    <Filter Include="97. Components">
      <UniqueIdentifier>{90ade1a5-5a34-45e0-bd5e-eaafe8d8ac44}</UniqueIdentifier>
    </Filter>
    <Filter Include="01.Object\04. KimJun">
      <UniqueIdentifier>{61ad135b-1948-4e23-a8ff-2c61e3ca3a68}</UniqueIdentifier>
    </Filter>
    <Filter Include="01.Object\05. Etc">
      <UniqueIdentifier>{1fc27635-cc67-435c-99f4-057f9aa27064}</UniqueIdentifier>
    </Filter>
  </ItemGroup>
  <ItemGroup>
    <ClInclude Include="framework.h">
      <Filter>헤더 파일</Filter>
    </ClInclude>
    <ClInclude Include="targetver.h">
      <Filter>헤더 파일</Filter>
    </ClInclude>
    <ClInclude Include="Resource.h">
      <Filter>헤더 파일</Filter>
    </ClInclude>
    <ClInclude Include="TeamStudy3.h">
      <Filter>헤더 파일</Filter>
    </ClInclude>
    <ClInclude Include="pch.h">
      <Filter>헤더 파일</Filter>
    </ClInclude>
    <ClInclude Include="Define.h">
      <Filter>헤더 파일</Filter>
    </ClInclude>
    <ClInclude Include="CMainGame.h">
      <Filter>00. MainGame</Filter>
    </ClInclude>
    <ClInclude Include="CObject.h">
      <Filter>01.Object</Filter>
    </ClInclude>
    <ClInclude Include="CScene.h">
      <Filter>02.Scene</Filter>
    </ClInclude>
    <ClInclude Include="CScene01.h">
      <Filter>02.Scene</Filter>
    </ClInclude>
    <ClInclude Include="CScene02.h">
      <Filter>02.Scene</Filter>
    </ClInclude>
    <ClInclude Include="CScene03.h">
      <Filter>02.Scene</Filter>
    </ClInclude>
    <ClInclude Include="CScene04.h">
      <Filter>02.Scene</Filter>
    </ClInclude>
    <ClInclude Include="CObjectManager.h">
      <Filter>99.Manager\01. ObjectMgr</Filter>
    </ClInclude>
    <ClInclude Include="CSceneManager.h">
      <Filter>99.Manager\00. SceneMgr</Filter>
    </ClInclude>
    <ClInclude Include="CPlayer.h">
      <Filter>01.Object\00. Player</Filter>
    </ClInclude>
    <ClInclude Include="CMonster.h">
      <Filter>01.Object\01. Monster</Filter>
    </ClInclude>
    <ClInclude Include="CScrollManager.h">
      <Filter>99.Manager\05. Scroll</Filter>
    </ClInclude>
    <ClInclude Include="CCollisionManager.h">
      <Filter>99.Manager\02. Collision</Filter>
    </ClInclude>
    <ClInclude Include="CKeyManager.h">
      <Filter>99.Manager\03. Key</Filter>
    </ClInclude>
    <ClInclude Include="CBmpManager.h">
      <Filter>99.Manager\04. Bmp</Filter>
    </ClInclude>
    <ClInclude Include="CMyBmp.h">
      <Filter>99.Manager\04. Bmp\00. MyBmp</Filter>
    </ClInclude>
    <ClInclude Include="CAbstractFactory.h">
      <Filter>98. Degisn</Filter>
    </ClInclude>
    <ClInclude Include="CHelper.h">
      <Filter>헤더 파일</Filter>
    </ClInclude>
    <ClInclude Include="CBoxFourth.h">
      <Filter>01.Object\04. KimJun</Filter>
    </ClInclude>
    <ClInclude Include="CBullet_Base.h">
      <Filter>01.Object\02. Bullet</Filter>
    </ClInclude>
    <ClInclude Include="CCollisionMgr04.h">
      <Filter>99.Manager\02. Collision</Filter>
    </ClInclude>
    <ClInclude Include="CComponent.h">
      <Filter>97. Components</Filter>
    </ClInclude>
    <ClInclude Include="CObjectFourth.h">
      <Filter>01.Object\04. KimJun</Filter>
    </ClInclude>
    <ClInclude Include="CPlatform.h">
      <Filter>01.Object\05. Etc</Filter>
    </ClInclude>
    <ClInclude Include="CPlayer03.h">
      <Filter>01.Object\00. Player</Filter>
    </ClInclude>
    <ClInclude Include="CPlayerFourth.h">
      <Filter>01.Object\00. Player</Filter>
    </ClInclude>
    <ClInclude Include="CStage01Player.h">
      <Filter>01.Object\00. Player</Filter>
    </ClInclude>
    <ClInclude Include="CTimeManager.h">
      <Filter>99.Manager\06. Time</Filter>
    </ClInclude>
    <ClInclude Include="CWallFourth.h">
      <Filter>01.Object\04. KimJun</Filter>
    </ClInclude>
    <ClInclude Include="CObstacleFourth.h">
      <Filter>01.Object\04. KimJun</Filter>
    </ClInclude>
    <ClInclude Include="CGoalFourth.h">
      <Filter>01.Object\04. KimJun</Filter>
    </ClInclude>
    <ClInclude Include="CSceneOver04.h">
      <Filter>02.Scene</Filter>
    </ClInclude>
  </ItemGroup>
  <ItemGroup>
    <ClCompile Include="TeamStudy3.cpp">
      <Filter>소스 파일</Filter>
    </ClCompile>
    <ClCompile Include="pch.cpp">
      <Filter>소스 파일</Filter>
    </ClCompile>
    <ClCompile Include="CMainGame.cpp">
      <Filter>00. MainGame</Filter>
    </ClCompile>
    <ClCompile Include="CObject.cpp">
      <Filter>01.Object</Filter>
    </ClCompile>
    <ClCompile Include="CScene.cpp">
      <Filter>02.Scene</Filter>
    </ClCompile>
    <ClCompile Include="CScene01.cpp">
      <Filter>02.Scene</Filter>
    </ClCompile>
    <ClCompile Include="CScene02.cpp">
      <Filter>02.Scene</Filter>
    </ClCompile>
    <ClCompile Include="CScene03.cpp">
      <Filter>02.Scene</Filter>
    </ClCompile>
    <ClCompile Include="CScene04.cpp">
      <Filter>02.Scene</Filter>
    </ClCompile>
    <ClCompile Include="CObjectManager.cpp">
      <Filter>99.Manager\01. ObjectMgr</Filter>
    </ClCompile>
    <ClCompile Include="CSceneManager.cpp">
      <Filter>99.Manager\00. SceneMgr</Filter>
    </ClCompile>
    <ClCompile Include="CPlayer.cpp">
      <Filter>01.Object\00. Player</Filter>
    </ClCompile>
    <ClCompile Include="CMonster.cpp">
      <Filter>01.Object\01. Monster</Filter>
    </ClCompile>
    <ClCompile Include="CScrollManager.cpp">
      <Filter>99.Manager\05. Scroll</Filter>
    </ClCompile>
    <ClCompile Include="CCollisionManager.cpp">
      <Filter>99.Manager\02. Collision</Filter>
    </ClCompile>
    <ClCompile Include="CKeyManager.cpp">
      <Filter>99.Manager\03. Key</Filter>
    </ClCompile>
    <ClCompile Include="CBmpManager.cpp">
      <Filter>99.Manager\04. Bmp</Filter>
    </ClCompile>
    <ClCompile Include="CMyBmp.cpp">
      <Filter>99.Manager\04. Bmp\00. MyBmp</Filter>
    </ClCompile>
    <ClCompile Include="CBoxFourth.cpp">
      <Filter>01.Object\04. KimJun</Filter>
    </ClCompile>
    <ClCompile Include="CBullet_Base.cpp">
      <Filter>01.Object\02. Bullet</Filter>
    </ClCompile>
    <ClCompile Include="CCollisionMgr04.cpp">
      <Filter>99.Manager\02. Collision</Filter>
    </ClCompile>
    <ClCompile Include="CComponent.cpp">
      <Filter>97. Components</Filter>
    </ClCompile>
    <ClCompile Include="CObjectFourth.cpp">
      <Filter>01.Object\04. KimJun</Filter>
    </ClCompile>
    <ClCompile Include="CPlatform.cpp">
      <Filter>01.Object\05. Etc</Filter>
    </ClCompile>
    <ClCompile Include="CPlayer03.cpp">
      <Filter>01.Object\00. Player</Filter>
    </ClCompile>
    <ClCompile Include="CPlayerFourth.cpp">
      <Filter>01.Object\00. Player</Filter>
    </ClCompile>
    <ClCompile Include="CStage01Player.cpp">
      <Filter>01.Object\00. Player</Filter>
    </ClCompile>
    <ClCompile Include="CTimeManager.cpp">
      <Filter>99.Manager\06. Time</Filter>
    </ClCompile>
    <ClCompile Include="CWallFourth.cpp">
      <Filter>01.Object\04. KimJun</Filter>
    </ClCompile>
    <ClCompile Include="CObstacleFourth.cpp">
      <Filter>01.Object\04. KimJun</Filter>
    </ClCompile>
    <ClCompile Include="CGoalFourth.cpp">
      <Filter>01.Object\04. KimJun</Filter>
    </ClCompile>
    <ClCompile Include="CSceneOver04.cpp">
      <Filter>02.Scene</Filter>
    </ClCompile>
  </ItemGroup>
  <ItemGroup>
    <ResourceCompile Include="TeamStudy3.rc">
      <Filter>리소스 파일</Filter>
    </ResourceCompile>
  </ItemGroup>
  <ItemGroup>
    <Image Include="small.ico">
      <Filter>리소스 파일</Filter>
    </Image>
    <Image Include="TeamStudy3.ico">
      <Filter>리소스 파일</Filter>
    </Image>
  </ItemGroup>
</Project>